PODS:
  - FlutterMacOS (1.0.0)
  - quick_usb (0.0.1):
    - FlutterMacOS

DEPENDENCIES:
  - FlutterMacOS (from `Flutter/ephemeral`)
  - quick_usb (from `Flutter/ephemeral/.symlinks/plugins/quick_usb/macos`)

EXTERNAL SOURCES:
  FlutterMacOS:
    :path: Flutter/ephemeral
  quick_usb:
    :path: Flutter/ephemeral/.symlinks/plugins/quick_usb/macos

SPEC CHECKSUMS:
  FlutterMacOS: 8f6f14fa908a6fb3fba0cd85dbd81ec4b251fb24
  quick_usb: 36108dcb598483ca57c384acf989029e63f33992

PODFILE CHECKSUM: 236401fc2c932af29a9fcf0e97baeeb2d750d367

COCOAPODS: 1.14.3
